
Microsoft Visual Studio Solution File, Format Version 12.00
# Visual Studio Version 17
VisualStudioVersion = 17.13.35931.197 d17.13
MinimumVisualStudioVersion = 10.0.40219.1
Project("{FAE04EC0-301F-11D3-BF4B-00C04F79EFBC}") = "Gambit.API", "Gambit.API\Gambit.API.csproj", "{D311F5FC-7CBC-458C-B92B-8604CBC0F71F}"
EndProject
Project("{FAE04EC0-301F-11D3-BF4B-00C04F79EFBC}") = "Gambit.Domain", "Gambit.Domain\Gambit.Domain.csproj", "{5E5FFC60-FD4E-446C-9115-7C885AA501EC}"
EndProject
Project("{FAE04EC0-301F-11D3-BF4B-00C04F79EFBC}") = "Gambit.Infrastructure", "Gambit.Infrastructure\Gambit.Infrastructure.csproj", "{F250E499-95EC-4793-AB5E-5D3E96A97746}"
EndProject
Global
	GlobalSection(SolutionConfigurationPlatforms) = preSolution
		Debug|Any CPU = Debug|Any CPU
		Release|Any CPU = Release|Any CPU
	EndGlobalSection
	GlobalSection(ProjectConfigurationPlatforms) = postSolution
		{D311F5FC-7CBC-458C-B92B-8604CBC0F71F}.Debug|Any CPU.ActiveCfg = Debug|Any CPU
		{D311F5FC-7CBC-458C-B92B-8604CBC0F71F}.Debug|Any CPU.Build.0 = Debug|Any CPU
		{D311F5FC-7CBC-458C-B92B-8604CBC0F71F}.Release|Any CPU.ActiveCfg = Release|Any CPU
		{D311F5FC-7CBC-458C-B92B-8604CBC0F71F}.Release|Any CPU.Build.0 = Release|Any CPU
		{5E5FFC60-FD4E-446C-9115-7C885AA501EC}.Debug|Any CPU.ActiveCfg = Debug|Any CPU
		{5E5FFC60-FD4E-446C-9115-7C885AA501EC}.Debug|Any CPU.Build.0 = Debug|Any CPU
		{5E5FFC60-FD4E-446C-9115-7C885AA501EC}.Release|Any CPU.ActiveCfg = Release|Any CPU
		{5E5FFC60-FD4E-446C-9115-7C885AA501EC}.Release|Any CPU.Build.0 = Release|Any CPU
		{F250E499-95EC-4793-AB5E-5D3E96A97746}.Debug|Any CPU.ActiveCfg = Debug|Any CPU
		{F250E499-95EC-4793-AB5E-5D3E96A97746}.Debug|Any CPU.Build.0 = Debug|Any CPU
		{F250E499-95EC-4793-AB5E-5D3E96A97746}.Release|Any CPU.ActiveCfg = Release|Any CPU
		{F250E499-95EC-4793-AB5E-5D3E96A97746}.Release|Any CPU.Build.0 = Release|Any CPU
	EndGlobalSection
	GlobalSection(SolutionProperties) = preSolution
		HideSolutionNode = FALSE
	EndGlobalSection
	GlobalSection(ExtensibilityGlobals) = postSolution
		SolutionGuid = {578B24B0-5BB1-4858-8D2E-E5E9B3A712F7}
	EndGlobalSection
EndGlobal
